
Microsoft Visual Studio Solution File, Format Version 12.00
# Visual Studio Version 16
VisualStudioVersion = 16.0.29905.134
MinimumVisualStudioVersion = 10.0.40219.1
Project("{FAE04EC0-301F-11D3-BF4B-00C04F79EFBC}") = "LandSeismic", "LandSeismic.csproj", "{FA820DED-0851-448D-BE52-E5419697E483}"
EndProject
Global
	GlobalSection(SolutionConfigurationPlatforms) = preSolution
		All|Any CPU = All|Any CPU
		Debug|Any CPU = Debug|Any CPU
		Release|Any CPU = Release|Any CPU
	EndGlobalSection
	GlobalSection(ProjectConfigurationPlatforms) = postSolution
		{FA820DED-0851-448D-BE52-E5419697E483}.All|Any CPU.ActiveCfg = Release|Any CPU
		{FA820DED-0851-448D-BE52-E5419697E483}.All|Any CPU.Build.0 = Release|Any CPU
		{FA820DED-0851-448D-BE52-E5419697E483}.Debug|Any CPU.ActiveCfg = Debug|Any CPU
		{FA820DED-0851-448D-BE52-E5419697E483}.Debug|Any CPU.Build.0 = Debug|Any CPU
		{FA820DED-0851-448D-BE52-E5419697E483}.Release|Any CPU.ActiveCfg = Release|Any CPU
		{FA820DED-0851-448D-BE52-E5419697E483}.Release|Any CPU.Build.0 = Release|Any CPU
	EndGlobalSection
	GlobalSection(SolutionProperties) = preSolution
		HideSolutionNode = FALSE
	EndGlobalSection
	GlobalSection(ExtensibilityGlobals) = postSolution
		SolutionGuid = {1DE2AAFA-5F51-4F32-BF86-5F2DB026779A}
	EndGlobalSection
EndGlobal
